schema: '2.0'
stages:
  load_data:
    cmd: python src/load_data.py --config=params.yaml
    deps:
    - path: data_given/winequality.csv
      hash: md5
      md5: ccc8d3507eb151f53f760d36abdef888
      size: 91998
    - path: src/get_data.py
      hash: md5
      md5: 4a8483c90ae8a1de1e98ba1d6333db96
      size: 646
    - path: src/load_data.py
      hash: md5
      md5: b09c5a60896880966a03b97d2b66ac2e
      size: 668
    outs:
    - path: data/raw/winequality.csv
      hash: md5
      md5: 069b522b0321bc25a626ceeffcb8eb44
      size: 93598
  split_data:
    cmd: python src/split_data.py --config=params.yaml
    deps:
    - path: data/raw/winequality.csv
      hash: md5
      md5: 069b522b0321bc25a626ceeffcb8eb44
      size: 93598
    - path: src/split_data.py
      hash: md5
      md5: 613a87d44f5c6f03ac775e4666325d07
      size: 969
    outs:
    - path: data/processed/test_winequality.csv
      hash: md5
      md5: b5330cc5d8e04cbe2e28cf3853a0a182
      size: 20213
    - path: data/processed/train_winequality.csv
      hash: md5
      md5: d47e6ca3123b0130ee378622b144ec4d
      size: 80418
  train_and_evaluate:
    cmd: python src/train_and_evaluate.py --config=params.yaml
    deps:
    - path: data/processed/test_winequality.csv
      hash: md5
      md5: b5330cc5d8e04cbe2e28cf3853a0a182
      size: 20213
    - path: data/processed/train_winequality.csv
      hash: md5
      md5: d47e6ca3123b0130ee378622b144ec4d
      size: 80418
    - path: src/train_and_evaluate.py
      hash: md5
      md5: 5d927512f5858631d7b70d1156a9cbf2
      size: 2673
    params:
      params.yaml:
        estimators.ElasticNet.params.alpha: 0.9
        estimators.ElasticNet.params.l1_ratio: 0.4
    outs:
    - path: report/params.json
      hash: md5
      md5: 443ce921d72995d744e459d0213405d7
      size: 44
    - path: report/scores.json
      hash: md5
      md5: 10aa07e338d8549e16fa837eb68e7c4d
      size: 100
    - path: saved_models/model.joblib
      hash: md5
      md5: 403bf5e3afe415f7917c15b62183e9c9
      size: 1295
